{
  "name": "vensora",
  "lockfileVersion": 3,
  "requires": true,
  "packages": {
    "node_modules/.pnpm/prettier@3.9.6/node_modules/prettier": {
      "version": "3.9.6",
      "extraneous": true,
      "license": "MIT",
      "bin": {
        "prettier": "bin/prettier.cjs"
      },
      "engines": {
        "node": ">=14"
      },
      "funding": {
        "url": "https://github.com/prettier/prettier?sponsor=1"
      }
    },
    "node_modules/.pnpm/turbo@2.10.11/node_modules/turbo": {
      "version": "2.10.11",
      "extraneous": true,
      "license": "MIT",
      "bin": {
        "turbo": "bin/turbo"
      },
      "optionalDependencies": {
        "@turbo/darwin-64": "2.10.11",
        "@turbo/darwin-arm64": "2.10.11",
        "@turbo/linux-64": "2.10.11",
        "@turbo/linux-arm64": "2.10.11",
        "@turbo/windows-64": "2.10.11",
        "@turbo/windows-arm64": "2.10.11"
      }
    }
  }
}
